{
  "name": "@uberfusion007/cordova-plugin-appavailability",
  "version": "0.4.3",
  "lockfileVersion": 2,
  "requires": true,
  "packages": {
    "": {
      "name": "@uberfusion007/cordova-plugin-appavailability",
      "version": "0.4.3",
      "engines": [
        {
          "name": "cordova",
          "version": ">=3.0.0"
        }
      ],
      "license": "MIT"
    }
  }
}
